
Microsoft Visual Studio Solution File, Format Version 12.00
# Visual Studio Version 16
VisualStudioVersion = 16.0.30907.101
MinimumVisualStudioVersion = 10.0.40219.1
Project("{FAE04EC0-301F-11D3-BF4B-00C04F79EFBC}") = "Outsourced", "Outsourced\Outsourced.csproj", "{09D9041D-307E-4757-A07C-140A4C42C125}"
EndProject
Global
	GlobalSection(SolutionConfigurationPlatforms) = preSolution
		Debug|Any CPU = Debug|Any CPU
		Release|Any CPU = Release|Any CPU
	EndGlobalSection
	GlobalSection(ProjectConfigurationPlatforms) = postSolution
		{09D9041D-307E-4757-A07C-140A4C42C125}.Debug|Any CPU.ActiveCfg = Debug|Any CPU
		{09D9041D-307E-4757-A07C-140A4C42C125}.Debug|Any CPU.Build.0 = Debug|Any CPU
		{09D9041D-307E-4757-A07C-140A4C42C125}.Release|Any CPU.ActiveCfg = Release|Any CPU
		{09D9041D-307E-4757-A07C-140A4C42C125}.Release|Any CPU.Build.0 = Release|Any CPU
	EndGlobalSection
	GlobalSection(SolutionProperties) = preSolution
		HideSolutionNode = FALSE
	EndGlobalSection
	GlobalSection(ExtensibilityGlobals) = postSolution
		SolutionGuid = {1537A316-358C-472F-9501-A85A54E31AB9}
	EndGlobalSection
EndGlobal
